
Microsoft Visual Studio Solution File, Format Version 12.00
# Visual Studio Version 16
VisualStudioVersion = 16.0.31129.286
MinimumVisualStudioVersion = 10.0.40219.1
Project("{FAE04EC0-301F-11D3-BF4B-00C04F79EFBC}") = "Analyzer", "Analyzer.csproj", "{A5B092BA-5FFF-4B40-98BA-BBA90743F173}"
EndProject
Global
	GlobalSection(SolutionConfigurationPlatforms) = preSolution
		Debug|Any CPU = Debug|Any CPU
		Release|Any CPU = Release|Any CPU
	EndGlobalSection
	GlobalSection(ProjectConfigurationPlatforms) = postSolution
		{A5B092BA-5FFF-4B40-98BA-BBA90743F173}.Debug|Any CPU.ActiveCfg = Debug|Any CPU
		{A5B092BA-5FFF-4B40-98BA-BBA90743F173}.Debug|Any CPU.Build.0 = Debug|Any CPU
		{A5B092BA-5FFF-4B40-98BA-BBA90743F173}.Release|Any CPU.ActiveCfg = Release|Any CPU
		{A5B092BA-5FFF-4B40-98BA-BBA90743F173}.Release|Any CPU.Build.0 = Release|Any CPU
	EndGlobalSection
	GlobalSection(SolutionProperties) = preSolution
		HideSolutionNode = FALSE
	EndGlobalSection
	GlobalSection(ExtensibilityGlobals) = postSolution
		SolutionGuid = {297FE357-7AF2-4E44-BCBC-334C45AC48EB}
	EndGlobalSection
EndGlobal
